
Microsoft Visual Studio Solution File, Format Version 12.00
# Visual Studio Version 16
VisualStudioVersion = 16.0.31402.337
MinimumVisualStudioVersion = 10.0.40219.1
Project("{FAE04EC0-301F-11D3-BF4B-00C04F79EFBC}") = "helloWorldPlatzi", "helloWorldPlatzi\helloWorldPlatzi.csproj", "{1E13E74A-5B70-4633-BD87-5DB2BD0C68E8}"
EndProject
Global
	GlobalSection(SolutionConfigurationPlatforms) = preSolution
		Debug|Any CPU = Debug|Any CPU
		Release|Any CPU = Release|Any CPU
	EndGlobalSection
	GlobalSection(ProjectConfigurationPlatforms) = postSolution
		{1E13E74A-5B70-4633-BD87-5DB2BD0C68E8}.Debug|Any CPU.ActiveCfg = Debug|Any CPU
		{1E13E74A-5B70-4633-BD87-5DB2BD0C68E8}.Debug|Any CPU.Build.0 = Debug|Any CPU
		{1E13E74A-5B70-4633-BD87-5DB2BD0C68E8}.Release|Any CPU.ActiveCfg = Release|Any CPU
		{1E13E74A-5B70-4633-BD87-5DB2BD0C68E8}.Release|Any CPU.Build.0 = Release|Any CPU
	EndGlobalSection
	GlobalSection(SolutionProperties) = preSolution
		HideSolutionNode = FALSE
	EndGlobalSection
	GlobalSection(ExtensibilityGlobals) = postSolution
		SolutionGuid = {1B1DCA38-8C8B-4E25-8D1E-AA6934E86D8E}
	EndGlobalSection
EndGlobal
